Microsoft Visual Studio Solution File, Format Version 11.00
# Visual Studio 2008

Project("{96CC1D42-3AB9-E3DF-91DA-CECCA843EE90}") = "Roll-A-Zombie-Dev", "Assembly-CSharp.csproj", "{4DBF48B1-138C-C870-6C3A-D3C1C9A56BE2}"
EndProject
Global
	GlobalSection(SolutionConfigurationPlatforms) = preSolution
		Debug|Any CPU = Debug|Any CPU
		Release|Any CPU = Release|Any CPU
	EndGlobalSection
	GlobalSection(ProjectConfigurationPlatforms) = postSolution
		{4DBF48B1-138C-C870-6C3A-D3C1C9A56BE2}.Debug|Any CPU.ActiveCfg = Debug|Any CPU
		{4DBF48B1-138C-C870-6C3A-D3C1C9A56BE2}.Debug|Any CPU.Build.0 = Debug|Any CPU
		{4DBF48B1-138C-C870-6C3A-D3C1C9A56BE2}.Release|Any CPU.ActiveCfg = Release|Any CPU
		{4DBF48B1-138C-C870-6C3A-D3C1C9A56BE2}.Release|Any CPU.Build.0 = Release|Any CPU
	EndGlobalSection
	GlobalSection(SolutionProperties) = preSolution
		HideSolutionNode = FALSE
	EndGlobalSection
	GlobalSection(MonoDevelopProperties) = preSolution
		StartupItem = Assembly-CSharp.csproj
	EndGlobalSection
EndGlobal
